
Microsoft Visual Studio Solution File, Format Version 12.00
# Visual Studio Version 16
VisualStudioVersion = 16.0.32428.217
MinimumVisualStudioVersion = 10.0.40219.1
Project("{FAE04EC0-301F-11D3-BF4B-00C04F79EFBC}") = "car_rental", "car_rental\car_rental.csproj", "{EDD11B54-8F55-4080-9103-F94853D8970D}"
EndProject
Global
	GlobalSection(SolutionConfigurationPlatforms) = preSolution
		Debug|Any CPU = Debug|Any CPU
		Release|Any CPU = Release|Any CPU
	EndGlobalSection
	GlobalSection(ProjectConfigurationPlatforms) = postSolution
		{EDD11B54-8F55-4080-9103-F94853D8970D}.Debug|Any CPU.ActiveCfg = Debug|Any CPU
		{EDD11B54-8F55-4080-9103-F94853D8970D}.Debug|Any CPU.Build.0 = Debug|Any CPU
		{EDD11B54-8F55-4080-9103-F94853D8970D}.Release|Any CPU.ActiveCfg = Release|Any CPU
		{EDD11B54-8F55-4080-9103-F94853D8970D}.Release|Any CPU.Build.0 = Release|Any CPU
	EndGlobalSection
	GlobalSection(SolutionProperties) = preSolution
		HideSolutionNode = FALSE
	EndGlobalSection
	GlobalSection(ExtensibilityGlobals) = postSolution
		SolutionGuid = {A28EF358-CAF7-49F8-B568-18DFAE2E222E}
	EndGlobalSection
EndGlobal
